
Microsoft Visual Studio Solution File, Format Version 12.00
# Visual Studio Version 17
VisualStudioVersion = 17.12.35521.163
MinimumVisualStudioVersion = 10.0.40219.1
Project("{FAE04EC0-301F-11D3-BF4B-00C04F79EFBC}") = "Producer", "Producer\Producer.csproj", "{5B876757-1CF4-4714-BFBA-E49A42782C40}"
EndProject
Project("{FAE04EC0-301F-11D3-BF4B-00C04F79EFBC}") = "FilaA-Exchange-Fanout", "FilaA-Exchange-Fanout\FilaA-Exchange-Fanout.csproj", "{9DCEEFA5-698F-48B2-A5B6-BBDF2FF630BA}"
EndProject
Project("{FAE04EC0-301F-11D3-BF4B-00C04F79EFBC}") = "Business", "Business\Business.csproj", "{AD431D89-3A51-47B7-AFC3-D5F2E3359320}"
EndProject
Project("{FAE04EC0-301F-11D3-BF4B-00C04F79EFBC}") = "Consumer-Payments", "Consumer-Payments\Consumer-Payments.csproj", "{2508BE02-EA44-44AF-8A69-683A4FFCA742}"
EndProject
Project("{FAE04EC0-301F-11D3-BF4B-00C04F79EFBC}") = "Consumer-Nfe", "Consumer-Nfe\Consumer-Nfe.csproj", "{CA820FE5-AA1A-41C6-9060-FA0026595313}"
EndProject
Project("{FAE04EC0-301F-11D3-BF4B-00C04F79EFBC}") = "Consumer-Audit", "Consumer-Audit\Consumer-Audit.csproj", "{78FD0978-D7A9-4076-948F-DC00324F3CBB}"
EndProject
Project("{2150E333-8FDC-42A3-9474-1A3956D46DE8}") = "Source", "Source", "{8EC462FD-D22E-90A8-E5CE-7E832BA40C5D}"
	ProjectSection(SolutionItems) = preProject
		Referencias.txt = Referencias.txt
	EndProjectSection
EndProject
Project("{E53339B2-1760-4266-BCC7-CA923CBCF16C}") = "docker-compose", "docker-compose.dcproj", "{81DDED9D-158B-E303-5F62-77A2896D2A5A}"
EndProject
Project("{FAE04EC0-301F-11D3-BF4B-00C04F79EFBC}") = "FilaB-Exchange-Fanout", "FilaB-Exchange-Fanout\FilaB-Exchange-Fanout.csproj", "{4883DC11-E822-4382-BDE5-73BDAF522118}"
EndProject
Project("{FAE04EC0-301F-11D3-BF4B-00C04F79EFBC}") = "FilaC-Exchange-Fanout", "FilaC-Exchange-Fanout\FilaC-Exchange-Fanout.csproj", "{68E073C5-8367-4C31-8EEC-741A2FAA41A9}"
EndProject
Project("{FAE04EC0-301F-11D3-BF4B-00C04F79EFBC}") = "DeadLetter", "Task_Queue\DeadLetter.csproj", "{7D2AAB23-CF74-47A0-B7BE-90F5B2015A5E}"
EndProject
Global
	GlobalSection(SolutionConfigurationPlatforms) = preSolution
		Debug|Any CPU = Debug|Any CPU
		Release|Any CPU = Release|Any CPU
	EndGlobalSection
	GlobalSection(ProjectConfigurationPlatforms) = postSolution
		{5B876757-1CF4-4714-BFBA-E49A42782C40}.Debug|Any CPU.ActiveCfg = Debug|Any CPU
		{5B876757-1CF4-4714-BFBA-E49A42782C40}.Debug|Any CPU.Build.0 = Debug|Any CPU
		{5B876757-1CF4-4714-BFBA-E49A42782C40}.Release|Any CPU.ActiveCfg = Release|Any CPU
		{5B876757-1CF4-4714-BFBA-E49A42782C40}.Release|Any CPU.Build.0 = Release|Any CPU
		{9DCEEFA5-698F-48B2-A5B6-BBDF2FF630BA}.Debug|Any CPU.ActiveCfg = Debug|Any CPU
		{9DCEEFA5-698F-48B2-A5B6-BBDF2FF630BA}.Debug|Any CPU.Build.0 = Debug|Any CPU
		{9DCEEFA5-698F-48B2-A5B6-BBDF2FF630BA}.Release|Any CPU.ActiveCfg = Release|Any CPU
		{9DCEEFA5-698F-48B2-A5B6-BBDF2FF630BA}.Release|Any CPU.Build.0 = Release|Any CPU
		{AD431D89-3A51-47B7-AFC3-D5F2E3359320}.Debug|Any CPU.ActiveCfg = Debug|Any CPU
		{AD431D89-3A51-47B7-AFC3-D5F2E3359320}.Debug|Any CPU.Build.0 = Debug|Any CPU
		{AD431D89-3A51-47B7-AFC3-D5F2E3359320}.Release|Any CPU.ActiveCfg = Release|Any CPU
		{AD431D89-3A51-47B7-AFC3-D5F2E3359320}.Release|Any CPU.Build.0 = Release|Any CPU
		{2508BE02-EA44-44AF-8A69-683A4FFCA742}.Debug|Any CPU.ActiveCfg = Debug|Any CPU
		{2508BE02-EA44-44AF-8A69-683A4FFCA742}.Debug|Any CPU.Build.0 = Debug|Any CPU
		{2508BE02-EA44-44AF-8A69-683A4FFCA742}.Release|Any CPU.ActiveCfg = Release|Any CPU
		{2508BE02-EA44-44AF-8A69-683A4FFCA742}.Release|Any CPU.Build.0 = Release|Any CPU
		{CA820FE5-AA1A-41C6-9060-FA0026595313}.Debug|Any CPU.ActiveCfg = Debug|Any CPU
		{CA820FE5-AA1A-41C6-9060-FA0026595313}.Debug|Any CPU.Build.0 = Debug|Any CPU
		{CA820FE5-AA1A-41C6-9060-FA0026595313}.Release|Any CPU.ActiveCfg = Release|Any CPU
		{CA820FE5-AA1A-41C6-9060-FA0026595313}.Release|Any CPU.Build.0 = Release|Any CPU
		{78FD0978-D7A9-4076-948F-DC00324F3CBB}.Debug|Any CPU.ActiveCfg = Debug|Any CPU
		{78FD0978-D7A9-4076-948F-DC00324F3CBB}.Debug|Any CPU.Build.0 = Debug|Any CPU
		{78FD0978-D7A9-4076-948F-DC00324F3CBB}.Release|Any CPU.ActiveCfg = Release|Any CPU
		{78FD0978-D7A9-4076-948F-DC00324F3CBB}.Release|Any CPU.Build.0 = Release|Any CPU
		{81DDED9D-158B-E303-5F62-77A2896D2A5A}.Debug|Any CPU.ActiveCfg = Debug|Any CPU
		{81DDED9D-158B-E303-5F62-77A2896D2A5A}.Debug|Any CPU.Build.0 = Debug|Any CPU
		{81DDED9D-158B-E303-5F62-77A2896D2A5A}.Release|Any CPU.ActiveCfg = Release|Any CPU
		{81DDED9D-158B-E303-5F62-77A2896D2A5A}.Release|Any CPU.Build.0 = Release|Any CPU
		{4883DC11-E822-4382-BDE5-73BDAF522118}.Debug|Any CPU.ActiveCfg = Debug|Any CPU
		{4883DC11-E822-4382-BDE5-73BDAF522118}.Debug|Any CPU.Build.0 = Debug|Any CPU
		{4883DC11-E822-4382-BDE5-73BDAF522118}.Release|Any CPU.ActiveCfg = Release|Any CPU
		{4883DC11-E822-4382-BDE5-73BDAF522118}.Release|Any CPU.Build.0 = Release|Any CPU
		{68E073C5-8367-4C31-8EEC-741A2FAA41A9}.Debug|Any CPU.ActiveCfg = Debug|Any CPU
		{68E073C5-8367-4C31-8EEC-741A2FAA41A9}.Debug|Any CPU.Build.0 = Debug|Any CPU
		{68E073C5-8367-4C31-8EEC-741A2FAA41A9}.Release|Any CPU.ActiveCfg = Release|Any CPU
		{68E073C5-8367-4C31-8EEC-741A2FAA41A9}.Release|Any CPU.Build.0 = Release|Any CPU
		{7D2AAB23-CF74-47A0-B7BE-90F5B2015A5E}.Debug|Any CPU.ActiveCfg = Debug|Any CPU
		{7D2AAB23-CF74-47A0-B7BE-90F5B2015A5E}.Debug|Any CPU.Build.0 = Debug|Any CPU
		{7D2AAB23-CF74-47A0-B7BE-90F5B2015A5E}.Release|Any CPU.ActiveCfg = Release|Any CPU
		{7D2AAB23-CF74-47A0-B7BE-90F5B2015A5E}.Release|Any CPU.Build.0 = Release|Any CPU
	EndGlobalSection
	GlobalSection(SolutionProperties) = preSolution
		HideSolutionNode = FALSE
	EndGlobalSection
	GlobalSection(ExtensibilityGlobals) = postSolution
		SolutionGuid = {7206E89C-6EB3-456B-AD7A-011D0443D7F6}
	EndGlobalSection
EndGlobal
